
Microsoft Visual Studio Solution File, Format Version 12.00
# Visual Studio Version 17
VisualStudioVersion = 17.6.33712.159
MinimumVisualStudioVersion = 10.0.40219.1
Project("{FAE04EC0-301F-11D3-BF4B-00C04F79EFBC}") = "MvvmCalculator", "MvvmCalculator\MvvmCalculator.csproj", "{A32C6C4F-A5C1-4DE8-AB0E-8A3C98863780}"
EndProject
Global
	GlobalSection(SolutionConfigurationPlatforms) = preSolution
		Debug|Any CPU = Debug|Any CPU
		Release|Any CPU = Release|Any CPU
	EndGlobalSection
	GlobalSection(ProjectConfigurationPlatforms) = postSolution
		{A32C6C4F-A5C1-4DE8-AB0E-8A3C98863780}.Debug|Any CPU.ActiveCfg = Debug|Any CPU
		{A32C6C4F-A5C1-4DE8-AB0E-8A3C98863780}.Debug|Any CPU.Build.0 = Debug|Any CPU
		{A32C6C4F-A5C1-4DE8-AB0E-8A3C98863780}.Release|Any CPU.ActiveCfg = Release|Any CPU
		{A32C6C4F-A5C1-4DE8-AB0E-8A3C98863780}.Release|Any CPU.Build.0 = Release|Any CPU
	EndGlobalSection
	GlobalSection(SolutionProperties) = preSolution
		HideSolutionNode = FALSE
	EndGlobalSection
	GlobalSection(ExtensibilityGlobals) = postSolution
		SolutionGuid = {53139277-00EE-43A7-B22F-BBB605F0174E}
	EndGlobalSection
EndGlobal
